// !$*UTF8*$!
{
	archiveVersion = 1;
	classes = {
	};
	objectVersion = 50;
	objects = {

/* Begin PBXBuildFile section */
		7C199F9A24D466FE00C84408 /* AppDelegate.swift in Sources */ = {isa = PBXBuildFile; fileRef = 7C199F9924D466FE00C84408 /* AppDelegate.swift */; };
		7C199F9C24D466FE00C84408 /* SceneDelegate.swift in Sources */ = {isa = PBXBuildFile; fileRef = 7C199F9B24D466FE00C84408 /* SceneDelegate.swift */; };
		7C199F9E24D466FE00C84408 /* ViewController.swift in Sources */ = {isa = PBXBuildFile; fileRef = 7C199F9D24D466FE00C84408 /* ViewController.swift */; };
		7C199FA124D466FE00C84408 /* Main.storyboard in Resources */ = {isa = PBXBuildFile; fileRef = 7C199F9F24D466FE00C84408 /* Main.storyboard */; };
		7C199FA324D4670200C84408 /* Assets.xcassets in Resources */ = {isa = PBXBuildFile; fileRef = 7C199FA224D4670200C84408 /* Assets.xcassets */; };
		7C199FA624D4670200C84408 /* LaunchScreen.storyboard in Resources */ = {isa = PBXBuildFile; fileRef = 7C199FA424D4670200C84408 /* LaunchScreen.storyboard */; };
		7C199FB424D46D9800C84408 /* ConversationsController.swift in Sources */ = {isa = PBXBuildFile; fileRef = 7C199FB324D46D9800C84408 /* ConversationsController.swift */; };
		7C199FB624D5D76F00C84408 /* LoginController.swift in Sources */ = {isa = PBXBuildFile; fileRef = 7C199FB524D5D76F00C84408 /* LoginController.swift */; };
		7CB6C1FA24D6D2C400291C35 /* InputView.swift in Sources */ = {isa = PBXBuildFile; fileRef = 7CB6C1F924D6D2C400291C35 /* InputView.swift */; };
		7CB6C1FC24D6EEEC00291C35 /* CustomTextField.swift in Sources */ = {isa = PBXBuildFile; fileRef = 7CB6C1FB24D6EEEC00291C35 /* CustomTextField.swift */; };
		7CB6C1FE24D7044000291C35 /* RegistrationController.swift in Sources */ = {isa = PBXBuildFile; fileRef = 7CB6C1FD24D7044000291C35 /* RegistrationController.swift */; };
/* End PBXBuildFile section */

/* Begin PBXFileReference section */
		7C199F9624D466FD00C84408 /* iOS-Firebase-Chat.app */ = {isa = PBXFileReference; explicitFileType = wrapper.application; includeInIndex = 0; path = "iOS-Firebase-Chat.app"; sourceTree = BUILT_PRODUCTS_DIR; };
		7C199F9924D466FE00C84408 /* AppDelegate.swift */ = {isa = PBXFileReference; lastKnownFileType = sourcecode.swift; path = AppDelegate.swift; sourceTree = "<group>"; };
		7C199F9B24D466FE00C84408 /* SceneDelegate.swift */ = {isa = PBXFileReference; lastKnownFileType = sourcecode.swift; path = SceneDelegate.swift; sourceTree = "<group>"; };
		7C199F9D24D466FE00C84408 /* ViewController.swift */ = {isa = PBXFileReference; lastKnownFileType = sourcecode.swift; path = ViewController.swift; sourceTree = "<group>"; };
		7C199FA024D466FE00C84408 /* Base */ = {isa = PBXFileReference; lastKnownFileType = file.storyboard; name = Base; path = Base.lproj/Main.storyboard; sourceTree = "<group>"; };
		7C199FA224D4670200C84408 /* Assets.xcassets */ = {isa = PBXFileReference; lastKnownFileType = folder.assetcatalog; path = Assets.xcassets; sourceTree = "<group>"; };
		7C199FA524D4670200C84408 /* Base */ = {isa = PBXFileReference; lastKnownFileType = file.storyboard; name = Base; path = Base.lproj/LaunchScreen.storyboard; sourceTree = "<group>"; };
		7C199FA724D4670200C84408 /* Info.plist */ = {isa = PBXFileReference; lastKnownFileType = text.plist.xml; path = Info.plist; sourceTree = "<group>"; };
		7C199FB324D46D9800C84408 /* ConversationsController.swift */ = {isa = PBXFileReference; lastKnownFileType = sourcecode.swift; path = ConversationsController.swift; sourceTree = "<group>"; };
		7C199FB524D5D76F00C84408 /* LoginController.swift */ = {isa = PBXFileReference; lastKnownFileType = sourcecode.swift; path = LoginController.swift; sourceTree = "<group>"; };
		7CB6C1F924D6D2C400291C35 /* InputView.swift */ = {isa = PBXFileReference; lastKnownFileType = sourcecode.swift; path = InputView.swift; sourceTree = "<group>"; };
		7CB6C1FB24D6EEEC00291C35 /* CustomTextField.swift */ = {isa = PBXFileReference; lastKnownFileType = sourcecode.swift; path = CustomTextField.swift; sourceTree = "<group>"; };
		7CB6C1FD24D7044000291C35 /* RegistrationController.swift */ = {isa = PBXFileReference; lastKnownFileType = sourcecode.swift; path = RegistrationController.swift; sourceTree = "<group>"; };
/* End PBXFileReference section */

/* Begin PBXFrameworksBuildPhase section */
		7C199F9324D466FD00C84408 /* Frameworks */ = {
			isa = PBXFrameworksBuildPhase;
			buildActionMask = 2147483647;
			files = (
			);
			runOnlyForDeploymentPostprocessing = 0;
		};
/* End PBXFrameworksBuildPhase section */

/* Begin PBXGroup section */
		7C199F8D24D466FD00C84408 = {
			isa = PBXGroup;
			children = (
				7C199F9824D466FD00C84408 /* iOS-Firebase-Chat */,
				7C199F9724D466FD00C84408 /* Products */,
			);
			sourceTree = "<group>";
		};
		7C199F9724D466FD00C84408 /* Products */ = {
			isa = PBXGroup;
			children = (
				7C199F9624D466FD00C84408 /* iOS-Firebase-Chat.app */,
			);
			name = Products;
			sourceTree = "<group>";
		};
		7C199F9824D466FD00C84408 /* iOS-Firebase-Chat */ = {
			isa = PBXGroup;
			children = (
				7C199FB224D46C6F00C84408 /* Model */,
				7C199FB124D46C6E00C84408 /* View */,
				7C199FB024D46C6C00C84408 /* ViewModel */,
				7C199FAF24D46C6A00C84408 /* Controller */,
				7C199FAE24D46C6800C84408 /* API */,
				7C199FAD24D46C5800C84408 /* Utils */,
				7C199F9924D466FE00C84408 /* AppDelegate.swift */,
				7C199F9B24D466FE00C84408 /* SceneDelegate.swift */,
				7C199F9D24D466FE00C84408 /* ViewController.swift */,
				7C199F9F24D466FE00C84408 /* Main.storyboard */,
				7C199FA224D4670200C84408 /* Assets.xcassets */,
				7C199FA424D4670200C84408 /* LaunchScreen.storyboard */,
				7C199FA724D4670200C84408 /* Info.plist */,
			);
			path = "iOS-Firebase-Chat";
			sourceTree = "<group>";
		};
		7C199FAD24D46C5800C84408 /* Utils */ = {
			isa = PBXGroup;
			children = (
			);
			path = Utils;
			sourceTree = "<group>";
		};
		7C199FAE24D46C6800C84408 /* API */ = {
			isa = PBXGroup;
			children = (
			);
			path = API;
			sourceTree = "<group>";
		};
		7C199FAF24D46C6A00C84408 /* Controller */ = {
			isa = PBXGroup;
			children = (
				7C199FB324D46D9800C84408 /* ConversationsController.swift */,
				7C199FB524D5D76F00C84408 /* LoginController.swift */,
				7CB6C1FD24D7044000291C35 /* RegistrationController.swift */,
			);
			path = Controller;
			sourceTree = "<group>";
		};
		7C199FB024D46C6C00C84408 /* ViewModel */ = {
			isa = PBXGroup;
			children = (
			);
			path = ViewModel;
			sourceTree = "<group>";
		};
		7C199FB124D46C6E00C84408 /* View */ = {
			isa = PBXGroup;
			children = (
				7CB6C1F924D6D2C400291C35 /* InputView.swift */,
				7CB6C1FB24D6EEEC00291C35 /* CustomTextField.swift */,
			);
			path = View;
			sourceTree = "<group>";
		};
		7C199FB224D46C6F00C84408 /* Model */ = {
			isa = PBXGroup;
			children = (
			);
			path = Model;
			sourceTree = "<group>";
		};
/* End PBXGroup section */

/* Begin PBXNativeTarget section */
		7C199F9524D466FD00C84408 /* iOS-Firebase-Chat */ = {
			isa = PBXNativeTarget;
			buildConfigurationList = 7C199FAA24D4670200C84408 /* Build configuration list for PBXNativeTarget "iOS-Firebase-Chat" */;
			buildPhases = (
				7C199F9224D466FD00C84408 /* Sources */,
				7C199F9324D466FD00C84408 /* Frameworks */,
				7C199F9424D466FD00C84408 /* Resources */,
			);
			buildRules = (
			);
			dependencies = (
			);
			name = "iOS-Firebase-Chat";
			productName = "iOS-Firebase-Chat";
			productReference = 7C199F9624D466FD00C84408 /* iOS-Firebase-Chat.app */;
			productType = "com.apple.product-type.application";
		};
/* End PBXNativeTarget section */

/* Begin PBXProject section */
		7C199F8E24D466FD00C84408 /* Project object */ = {
			isa = PBXProject;
			attributes = {
				LastSwiftUpdateCheck = 1150;
				LastUpgradeCheck = 1150;
				ORGANIZATIONNAME = Yulia;
				TargetAttributes = {
					7C199F9524D466FD00C84408 = {
						CreatedOnToolsVersion = 11.5;
					};
				};
			};
			buildConfigurationList = 7C199F9124D466FD00C84408 /* Build configuration list for PBXProject "iOS-Firebase-Chat" */;
			compatibilityVersion = "Xcode 9.3";
			developmentRegion = en;
			hasScannedForEncodings = 0;
			knownRegions = (
				en,
				Base,
			);
			mainGroup = 7C199F8D24D466FD00C84408;
			productRefGroup = 7C199F9724D466FD00C84408 /* Products */;
			projectDirPath = "";
			projectRoot = "";
			targets = (
				7C199F9524D466FD00C84408 /* iOS-Firebase-Chat */,
			);
		};
/* End PBXProject section */

/* Begin PBXResourcesBuildPhase section */
		7C199F9424D466FD00C84408 /* Resources */ = {
			isa = PBXResourcesBuildPhase;
			buildActionMask = 2147483647;
			files = (
				7C199FA624D4670200C84408 /* LaunchScreen.storyboard in Resources */,
				7C199FA324D4670200C84408 /* Assets.xcassets in Resources */,
				7C199FA124D466FE00C84408 /* Main.storyboard in Resources */,
			);
			runOnlyForDeploymentPostprocessing = 0;
		};
/* End PBXResourcesBuildPhase section */

/* Begin PBXSourcesBuildPhase section */
		7C199F9224D466FD00C84408 /* Sources */ = {
			isa = PBXSourcesBuildPhase;
			buildActionMask = 2147483647;
			files = (
				7CB6C1FC24D6EEEC00291C35 /* CustomTextField.swift in Sources */,
				7C199F9E24D466FE00C84408 /* ViewController.swift in Sources */,
				7C199F9A24D466FE00C84408 /* AppDelegate.swift in Sources */,
				7C199FB424D46D9800C84408 /* ConversationsController.swift in Sources */,
				7CB6C1FA24D6D2C400291C35 /* InputView.swift in Sources */,
				7C199F9C24D466FE00C84408 /* SceneDelegate.swift in Sources */,
				7CB6C1FE24D7044000291C35 /* RegistrationController.swift in Sources */,
				7C199FB624D5D76F00C84408 /* LoginController.swift in Sources */,
			);
			runOnlyForDeploymentPostprocessing = 0;
		};
/* End PBXSourcesBuildPhase section */

/* Begin PBXVariantGroup section */
		7C199F9F24D466FE00C84408 /* Main.storyboard */ = {
			isa = PBXVariantGroup;
			children = (
				7C199FA024D466FE00C84408 /* Base */,
			);
			name = Main.storyboard;
			sourceTree = "<group>";
		};
		7C199FA424D4670200C84408 /* LaunchScreen.storyboard */ = {
			isa = PBXVariantGroup;
			children = (
				7C199FA524D4670200C84408 /* Base */,
			);
			name = LaunchScreen.storyboard;
			sourceTree = "<group>";
		};
/* End PBXVariantGroup section */

/* Begin XCBuildConfiguration section */
		7C199FA824D4670200C84408 /* Debug */ = {
			isa = XCBuildConfiguration;
			buildSettings = {
				ALWAYS_SEARCH_USER_PATHS = NO;
				CLANG_ANALYZER_NONNULL = YES;
				CLANG_ANALYZER_NUMBER_OBJECT_CONVERSION = YES_AGGRESSIVE;
				CLANG_CXX_LANGUAGE_STANDARD = "gnu++14";
				CLANG_CXX_LIBRARY = "libc++";
				CLANG_ENABLE_MODULES = YES;
				CLANG_ENABLE_OBJC_ARC = YES;
				CLANG_ENABLE_OBJC_WEAK = YES;
				CLANG_WARN_BLOCK_CAPTURE_AUTORELEASING = YES;
				CLANG_WARN_BOOL_CONVERSION = YES;
				CLANG_WARN_COMMA = YES;
				CLANG_WARN_CONSTANT_CONVERSION = YES;
				CLANG_WARN_DEPRECATED_OBJC_IMPLEMENTATIONS = YES;
				CLANG_WARN_DIRECT_OBJC_ISA_USAGE = YES_ERROR;
				CLANG_WARN_DOCUMENTATION_COMMENTS = YES;
				CLANG_WARN_EMPTY_BODY = YES;
				CLANG_WARN_ENUM_CONVERSION = YES;
				CLANG_WARN_INFINITE_RECURSION = YES;
				CLANG_WARN_INT_CONVERSION = YES;
				CLANG_WARN_NON_LITERAL_NULL_CONVERSION = YES;
				CLANG_WARN_OBJC_IMPLICIT_RETAIN_SELF = YES;
				CLANG_WARN_OBJC_LITERAL_CONVERSION = YES;
				CLANG_WARN_OBJC_ROOT_CLASS = YES_ERROR;
				CLANG_WARN_RANGE_LOOP_ANALYSIS = YES;
				CLANG_WARN_STRICT_PROTOTYPES = YES;
				CLANG_WARN_SUSPICIOUS_MOVE = YES;
				CLANG_WARN_UNGUARDED_AVAILABILITY = YES_AGGRESSIVE;
				CLANG_WARN_UNREACHABLE_CODE = YES;
				CLANG_WARN__DUPLICATE_METHOD_MATCH = YES;
				COPY_PHASE_STRIP = NO;
				DEBUG_INFORMATION_FORMAT = dwarf;
				ENABLE_STRICT_OBJC_MSGSEND = YES;
				ENABLE_TESTABILITY = YES;
				GCC_C_LANGUAGE_STANDARD = gnu11;
				GCC_DYNAMIC_NO_PIC = NO;
				GCC_NO_COMMON_BLOCKS = YES;
				GCC_OPTIMIZATION_LEVEL = 0;
				GCC_PREPROCESSOR_DEFINITIONS = (
					"DEBUG=1",
					"$(inherited)",
				);
				GCC_WARN_64_TO_32_BIT_CONVERSION = YES;
				GCC_WARN_ABOUT_RETURN_TYPE = YES_ERROR;
				GCC_WARN_UNDECLARED_SELECTOR = YES;
				GCC_WARN_UNINITIALIZED_AUTOS = YES_AGGRESSIVE;
				GCC_WARN_UNUSED_FUNCTION = YES;
				GCC_WARN_UNUSED_VARIABLE = YES;
				IPHONEOS_DEPLOYMENT_TARGET = 13.5;
				MTL_ENABLE_DEBUG_INFO = INCLUDE_SOURCE;
				MTL_FAST_MATH = YES;
				ONLY_ACTIVE_ARCH = YES;
				SDKROOT = iphoneos;
				SWIFT_ACTIVE_COMPILATION_CONDITIONS = DEBUG;
				SWIFT_OPTIMIZATION_LEVEL = "-Onone";
			};
			name = Debug;
		};
		7C199FA924D4670200C84408 /* Release */ = {
			isa = XCBuildConfiguration;
			buildSettings = {
				ALWAYS_SEARCH_USER_PATHS = NO;
				CLANG_ANALYZER_NONNULL = YES;
				CLANG_ANALYZER_NUMBER_OBJECT_CONVERSION = YES_AGGRESSIVE;
				CLANG_CXX_LANGUAGE_STANDARD = "gnu++14";
				CLANG_CXX_LIBRARY = "libc++";
				CLANG_ENABLE_MODULES = YES;
				CLANG_ENABLE_OBJC_ARC = YES;
				CLANG_ENABLE_OBJC_WEAK = YES;
				CLANG_WARN_BLOCK_CAPTURE_AUTORELEASING = YES;
				CLANG_WARN_BOOL_CONVERSION = YES;
				CLANG_WARN_COMMA = YES;
				CLANG_WARN_CONSTANT_CONVERSION = YES;
				CLANG_WARN_DEPRECATED_OBJC_IMPLEMENTATIONS = YES;
				CLANG_WARN_DIRECT_OBJC_ISA_USAGE = YES_ERROR;
				CLANG_WARN_DOCUMENTATION_COMMENTS = YES;
				CLANG_WARN_EMPTY_BODY = YES;
				CLANG_WARN_ENUM_CONVERSION = YES;
				CLANG_WARN_INFINITE_RECURSION = YES;
				CLANG_WARN_INT_CONVERSION = YES;
				CLANG_WARN_NON_LITERAL_NULL_CONVERSION = YES;
				CLANG_WARN_OBJC_IMPLICIT_RETAIN_SELF = YES;
				CLANG_WARN_OBJC_LITERAL_CONVERSION = YES;
				CLANG_WARN_OBJC_ROOT_CLASS = YES_ERROR;
				CLANG_WARN_RANGE_LOOP_ANALYSIS = YES;
				CLANG_WARN_STRICT_PROTOTYPES = YES;
				CLANG_WARN_SUSPICIOUS_MOVE = YES;
				CLANG_WARN_UNGUARDED_AVAILABILITY = YES_AGGRESSIVE;
				CLANG_WARN_UNREACHABLE_CODE = YES;
				CLANG_WARN__DUPLICATE_METHOD_MATCH = YES;
				COPY_PHASE_STRIP = NO;
				DEBUG_INFORMATION_FORMAT = "dwarf-with-dsym";
				ENABLE_NS_ASSERTIONS = NO;
				ENABLE_STRICT_OBJC_MSGSEND = YES;
				GCC_C_LANGUAGE_STANDARD = gnu11;
				GCC_NO_COMMON_BLOCKS = YES;
				GCC_WARN_64_TO_32_BIT_CONVERSION = YES;
				GCC_WARN_ABOUT_RETURN_TYPE = YES_ERROR;
				GCC_WARN_UNDECLARED_SELECTOR = YES;
				GCC_WARN_UNINITIALIZED_AUTOS = YES_AGGRESSIVE;
				GCC_WARN_UNUSED_FUNCTION = YES;
				GCC_WARN_UNUSED_VARIABLE = YES;
				IPHONEOS_DEPLOYMENT_TARGET = 13.5;
				MTL_ENABLE_DEBUG_INFO = NO;
				MTL_FAST_MATH = YES;
				SDKROOT = iphoneos;
				SWIFT_COMPILATION_MODE = wholemodule;
				SWIFT_OPTIMIZATION_LEVEL = "-O";
				VALIDATE_PRODUCT = YES;
			};
			name = Release;
		};
		7C199FAB24D4670200C84408 /* Debug */ = {
			isa = XCBuildConfiguration;
			buildSettings = {
				ASSETCATALOG_COMPILER_APPICON_NAME = AppIcon;
				CODE_SIGN_STYLE = Automatic;
				INFOPLIST_FILE = "iOS-Firebase-Chat/Info.plist";
				LD_RUNPATH_SEARCH_PATHS = (
					"$(inherited)",
					"@executable_path/Frameworks",
				);
				PRODUCT_BUNDLE_IDENTIFIER = "com.yuliapopova.iOS-Firebase-Chat";
				PRODUCT_NAME = "$(TARGET_NAME)";
				SWIFT_VERSION = 5.0;
				TARGETED_DEVICE_FAMILY = "1,2";
			};
			name = Debug;
		};
		7C199FAC24D4670200C84408 /* Release */ = {
			isa = XCBuildConfiguration;
			buildSettings = {
				ASSETCATALOG_COMPILER_APPICON_NAME = AppIcon;
				CODE_SIGN_STYLE = Automatic;
				INFOPLIST_FILE = "iOS-Firebase-Chat/Info.plist";
				LD_RUNPATH_SEARCH_PATHS = (
					"$(inherited)",
					"@executable_path/Frameworks",
				);
				PRODUCT_BUNDLE_IDENTIFIER = "com.yuliapopova.iOS-Firebase-Chat";
				PRODUCT_NAME = "$(TARGET_NAME)";
				SWIFT_VERSION = 5.0;
				TARGETED_DEVICE_FAMILY = "1,2";
			};
			name = Release;
		};
/* End XCBuildConfiguration section */

/* Begin XCConfigurationList section */
		7C199F9124D466FD00C84408 /* Build configuration list for PBXProject "iOS-Firebase-Chat" */ = {
			isa = XCConfigurationList;
			buildConfigurations = (
				7C199FA824D4670200C84408 /* Debug */,
				7C199FA924D4670200C84408 /* Release */,
			);
			defaultConfigurationIsVisible = 0;
			defaultConfigurationName = Release;
		};
		7C199FAA24D4670200C84408 /* Build configuration list for PBXNativeTarget "iOS-Firebase-Chat" */ = {
			isa = XCConfigurationList;
			buildConfigurations = (
				7C199FAB24D4670200C84408 /* Debug */,
				7C199FAC24D4670200C84408 /* Release */,
			);
			defaultConfigurationIsVisible = 0;
			defaultConfigurationName = Release;
		};
/* End XCConfigurationList section */
	};
	rootObject = 7C199F8E24D466FD00C84408 /* Project object */;
}
